
Microsoft Visual Studio Solution File, Format Version 12.00
Project("{FAE04EC0-301F-11D3-BF4B-00C04F79EFBC}") = "ApiComparer", "ApiComparer\ApiComparer.csproj", "{B1493F8C-9956-4D7F-A549-74BFEB73C355}"
EndProject
Project("{FAE04EC0-301F-11D3-BF4B-00C04F79EFBC}") = "ApiComparer.Library", "ApiComparer.Library\ApiComparer.Library.csproj", "{C3017980-81C1-4BF8-89B9-118F509ACEAA}"
EndProject
Global
	GlobalSection(SolutionConfigurationPlatforms) = preSolution
		Debug|Any CPU = Debug|Any CPU
		Release|Any CPU = Release|Any CPU
	EndGlobalSection
	GlobalSection(ProjectConfigurationPlatforms) = postSolution
		{B1493F8C-9956-4D7F-A549-74BFEB73C355}.Debug|Any CPU.ActiveCfg = Debug|Any CPU
		{B1493F8C-9956-4D7F-A549-74BFEB73C355}.Debug|Any CPU.Build.0 = Debug|Any CPU
		{B1493F8C-9956-4D7F-A549-74BFEB73C355}.Release|Any CPU.ActiveCfg = Release|Any CPU
		{B1493F8C-9956-4D7F-A549-74BFEB73C355}.Release|Any CPU.Build.0 = Release|Any CPU
		{C3017980-81C1-4BF8-89B9-118F509ACEAA}.Debug|Any CPU.ActiveCfg = Debug|Any CPU
		{C3017980-81C1-4BF8-89B9-118F509ACEAA}.Debug|Any CPU.Build.0 = Debug|Any CPU
		{C3017980-81C1-4BF8-89B9-118F509ACEAA}.Release|Any CPU.ActiveCfg = Release|Any CPU
		{C3017980-81C1-4BF8-89B9-118F509ACEAA}.Release|Any CPU.Build.0 = Release|Any CPU
	EndGlobalSection
EndGlobal
